
Microsoft Visual Studio Solution File, Format Version 12.00
# Visual Studio Version 17
VisualStudioVersion = 17.6.33712.159
MinimumVisualStudioVersion = 10.0.40219.1
Project("{FAE04EC0-301F-11D3-BF4B-00C04F79EFBC}") = "MemoryPrints", "MemoryPrints.csproj", "{8F948CB7-A210-4110-A5CC-62361DFF69EC}"
EndProject
Global
	GlobalSection(SolutionConfigurationPlatforms) = preSolution
		Debug|Any CPU = Debug|Any CPU
		Release|Any CPU = Release|Any CPU
	EndGlobalSection
	GlobalSection(ProjectConfigurationPlatforms) = postSolution
		{8F948CB7-A210-4110-A5CC-62361DFF69EC}.Debug|Any CPU.ActiveCfg = Debug|Any CPU
		{8F948CB7-A210-4110-A5CC-62361DFF69EC}.Debug|Any CPU.Build.0 = Debug|Any CPU
		{8F948CB7-A210-4110-A5CC-62361DFF69EC}.Release|Any CPU.ActiveCfg = Release|Any CPU
		{8F948CB7-A210-4110-A5CC-62361DFF69EC}.Release|Any CPU.Build.0 = Release|Any CPU
	EndGlobalSection
	GlobalSection(SolutionProperties) = preSolution
		HideSolutionNode = FALSE
	EndGlobalSection
	GlobalSection(ExtensibilityGlobals) = postSolution
		SolutionGuid = {F27E29FD-EA9D-46FF-9577-36F8320F03A9}
	EndGlobalSection
EndGlobal
